<Solution>
  <Configurations>
    <Platform Name="x64" />
    <Platform Name="x86" />
  </Configurations>
  <Project Path="Lab1Task1/Lab1Task1.vcxproj" Id="4de8db5a-8eb1-4f05-9697-005fcddeb50b" />
  <Project Path="Lab1Task2/Lab1Task2.vcxproj" Id="0e0c27de-84ad-42dd-a408-a10e1bf2e8f9" />
</Solution>
